
Microsoft Visual Studio Solution File, Format Version 12.00
# Visual Studio Version 16
VisualStudioVersion = 16.0.30907.101
MinimumVisualStudioVersion = 10.0.40219.1
Project("{FAE04EC0-301F-11D3-BF4B-00C04F79EFBC}") = "HeadRipper", "HeadRipper.csproj", "{D5A7A56B-420B-41AC-8943-16B61235877F}"
EndProject
Global
	GlobalSection(SolutionConfigurationPlatforms) = preSolution
		Debug|Any CPU = Debug|Any CPU
		Release|Any CPU = Release|Any CPU
	EndGlobalSection
	GlobalSection(ProjectConfigurationPlatforms) = postSolution
		{D5A7A56B-420B-41AC-8943-16B61235877F}.Debug|Any CPU.ActiveCfg = Debug|Any CPU
		{D5A7A56B-420B-41AC-8943-16B61235877F}.Debug|Any CPU.Build.0 = Debug|Any CPU
		{D5A7A56B-420B-41AC-8943-16B61235877F}.Release|Any CPU.ActiveCfg = Release|Any CPU
		{D5A7A56B-420B-41AC-8943-16B61235877F}.Release|Any CPU.Build.0 = Release|Any CPU
	EndGlobalSection
	GlobalSection(SolutionProperties) = preSolution
		HideSolutionNode = FALSE
	EndGlobalSection
	GlobalSection(ExtensibilityGlobals) = postSolution
		SolutionGuid = {A9939871-C8B6-4A51-AF48-492775C5B2D9}
	EndGlobalSection
EndGlobal
